{
  "originHash" : "8658f055c96619eec4530cba559288fad6f9e57c1616328b59a8747c921e766f",
  "pins" : [
    {
      "identity" : "capacitor-swift-pm",
      "kind" : "remoteSourceControl",
      "location" : "https://github.com/ionic-team/capacitor-swift-pm.git",
      "state" : {
        "revision" : "f1a8fadf1437c23b825c818fb6509c9dbbae2f61",
        "version" : "8.3.1"
      }
    },
    {
      "identity" : "commonui_sdk_ios",
      "kind" : "remoteSourceControl",
      "location" : "https://github.com/zendesk/commonui_sdk_ios",
      "state" : {
        "revision" : "8c1ab48a4a04637c42afc46d6b45b57c26ac05aa",
        "version" : "9.0.2"
      }
    },
    {
      "identity" : "core_sdk_ios",
      "kind" : "remoteSourceControl",
      "location" : "https://github.com/zendesk/core_sdk_ios",
      "state" : {
        "revision" : "4d676f214e48017d102cd499d5f453c5cf6d9ef2",
        "version" : "5.0.4"
      }
    },
    {
      "identity" : "messaging_sdk_ios",
      "kind" : "remoteSourceControl",
      "location" : "https://github.com/zendesk/messaging_sdk_ios",
      "state" : {
        "revision" : "0f81007fe9c9467bc583040f3343b205311cebfd",
        "version" : "6.0.2"
      }
    },
    {
      "identity" : "messagingapi_sdk_ios",
      "kind" : "remoteSourceControl",
      "location" : "https://github.com/zendesk/messagingapi_sdk_ios",
      "state" : {
        "revision" : "f86020a681e28a7bfae9e2445eb027d37dc5d5f5",
        "version" : "6.0.1"
      }
    },
    {
      "identity" : "sdkconfigurations_sdk_ios",
      "kind" : "remoteSourceControl",
      "location" : "https://github.com/zendesk/sdkconfigurations_sdk_ios",
      "state" : {
        "revision" : "fec7b8bf3d85cb895a0820a2f9d102f9d6ba3070",
        "version" : "4.0.0"
      }
    },
    {
      "identity" : "support_providers_sdk_ios",
      "kind" : "remoteSourceControl",
      "location" : "https://github.com/zendesk/support_providers_sdk_ios",
      "state" : {
        "revision" : "b8194243297eaab61a92138a1dc5872bce358346",
        "version" : "8.0.4"
      }
    },
    {
      "identity" : "support_sdk_ios",
      "kind" : "remoteSourceControl",
      "location" : "https://github.com/zendesk/support_sdk_ios",
      "state" : {
        "revision" : "6b5f6d2ffc92c10d38cb9c716ae37b2832230c89",
        "version" : "8.0.4"
      }
    }
  ],
  "version" : 3
}
